
Microsoft Visual Studio Solution File, Format Version 12.00
# Visual Studio 15
VisualStudioVersion = 15.0.27004.2009
MinimumVisualStudioVersion = 10.0.40219.1
Project("{FAE04EC0-301F-11D3-BF4B-00C04F79EFBC}") = "Invite", "Invite\Invite.csproj", "{8AD42A49-63C1-4D5D-A04A-35A48F0B0527}"
EndProject
Global
	GlobalSection(SolutionConfigurationPlatforms) = preSolution
		Debug|Any CPU = Debug|Any CPU
		Release|Any CPU = Release|Any CPU
	EndGlobalSection
	GlobalSection(ProjectConfigurationPlatforms) = postSolution
		{8AD42A49-63C1-4D5D-A04A-35A48F0B0527}.Debug|Any CPU.ActiveCfg = Debug|Any CPU
		{8AD42A49-63C1-4D5D-A04A-35A48F0B0527}.Debug|Any CPU.Build.0 = Debug|Any CPU
		{8AD42A49-63C1-4D5D-A04A-35A48F0B0527}.Release|Any CPU.ActiveCfg = Release|Any CPU
		{8AD42A49-63C1-4D5D-A04A-35A48F0B0527}.Release|Any CPU.Build.0 = Release|Any CPU
	EndGlobalSection
	GlobalSection(SolutionProperties) = preSolution
		HideSolutionNode = FALSE
	EndGlobalSection
	GlobalSection(ExtensibilityGlobals) = postSolution
		SolutionGuid = {CF1450DB-4A09-4ECD-8285-55717CAE3026}
	EndGlobalSection
EndGlobal
